
Microsoft Visual Studio Solution File, Format Version 12.00
# Visual Studio Version 17
VisualStudioVersion = 17.4.33213.308
MinimumVisualStudioVersion = 10.0.40219.1
Project("{FAE04EC0-301F-11D3-BF4B-00C04F79EFBC}") = "RandomJoke_Anuradha", "RandomJoke_Anuradha.csproj", "{ADFEF18B-6215-493E-8686-268E6EC30E0D}"
EndProject
Global
	GlobalSection(SolutionConfigurationPlatforms) = preSolution
		Debug|Any CPU = Debug|Any CPU
		Release|Any CPU = Release|Any CPU
	EndGlobalSection
	GlobalSection(ProjectConfigurationPlatforms) = postSolution
		{ADFEF18B-6215-493E-8686-268E6EC30E0D}.Debug|Any CPU.ActiveCfg = Debug|Any CPU
		{ADFEF18B-6215-493E-8686-268E6EC30E0D}.Debug|Any CPU.Build.0 = Debug|Any CPU
		{ADFEF18B-6215-493E-8686-268E6EC30E0D}.Release|Any CPU.ActiveCfg = Release|Any CPU
		{ADFEF18B-6215-493E-8686-268E6EC30E0D}.Release|Any CPU.Build.0 = Release|Any CPU
	EndGlobalSection
	GlobalSection(SolutionProperties) = preSolution
		HideSolutionNode = FALSE
	EndGlobalSection
	GlobalSection(ExtensibilityGlobals) = postSolution
		SolutionGuid = {B420B6D5-27FA-47E8-8E4D-F90544FB92EF}
	EndGlobalSection
EndGlobal
